
Microsoft Visual Studio Solution File, Format Version 12.00
# Visual Studio Version 17
VisualStudioVersion = 17.6.33829.357
MinimumVisualStudioVersion = 10.0.40219.1
Project("{8BC9CEB8-8B4A-11D0-8D11-00A0C91BC942}") = "BOJ_27961", "BOJ_27961.vcxproj", "{E8D917CC-BAC7-41F1-B3A2-72A773CF833F}"
EndProject
Global
	GlobalSection(SolutionConfigurationPlatforms) = preSolution
		Debug|x64 = Debug|x64
		Release|x64 = Release|x64
	EndGlobalSection
	GlobalSection(ProjectConfigurationPlatforms) = postSolution
		{E8D917CC-BAC7-41F1-B3A2-72A773CF833F}.Debug|x64.ActiveCfg = Debug|x64
		{E8D917CC-BAC7-41F1-B3A2-72A773CF833F}.Debug|x64.Build.0 = Debug|x64
		{E8D917CC-BAC7-41F1-B3A2-72A773CF833F}.Release|x64.ActiveCfg = Release|x64
		{E8D917CC-BAC7-41F1-B3A2-72A773CF833F}.Release|x64.Build.0 = Release|x64
	EndGlobalSection
	GlobalSection(SolutionProperties) = preSolution
		HideSolutionNode = FALSE
	EndGlobalSection
	GlobalSection(ExtensibilityGlobals) = postSolution
		SolutionGuid = {06ED4953-6442-4620-93F3-D6EFF777E8D6}
	EndGlobalSection
EndGlobal
